
Microsoft Visual Studio Solution File, Format Version 12.00
# Visual Studio Version 17
VisualStudioVersion = 17.11.35312.102
MinimumVisualStudioVersion = 10.0.40219.1
Project("{9A19103F-16F7-4668-BE54-9A1E7A4F7556}") = "ParkAreaManagementSystem.API", "ParkAreaManagementSystem.API\ParkAreaManagementSystem.API.csproj", "{9D1735AB-23F9-446E-BA1C-CB39677DF126}"
EndProject
Project("{9A19103F-16F7-4668-BE54-9A1E7A4F7556}") = "ParkAreaManagementSystem.Domain", "ParkAreaManagementSystem.Domain\ParkAreaManagementSystem.Domain.csproj", "{90D25513-CE43-4727-8865-5778D0830E59}"
EndProject
Project("{9A19103F-16F7-4668-BE54-9A1E7A4F7556}") = "ParkAreaManagementSystem.Infrastructure", "ParkAreaManagementSystem.Infrastructure\ParkAreaManagementSystem.Infrastructure.csproj", "{37A21348-6A78-4DF1-9ACA-2190E5321C2D}"
EndProject
Project("{9A19103F-16F7-4668-BE54-9A1E7A4F7556}") = "ParkAreaManagementSystem.Application", "ParkAreaManagementSystem.Application\ParkAreaManagementSystem.Application.csproj", "{513F4633-72A4-43A5-97E1-AE6BBC430A6D}"
EndProject
Global
	GlobalSection(SolutionConfigurationPlatforms) = preSolution
		Debug|Any CPU = Debug|Any CPU
		Release|Any CPU = Release|Any CPU
	EndGlobalSection
	GlobalSection(ProjectConfigurationPlatforms) = postSolution
		{9D1735AB-23F9-446E-BA1C-CB39677DF126}.Debug|Any CPU.ActiveCfg = Debug|Any CPU
		{9D1735AB-23F9-446E-BA1C-CB39677DF126}.Debug|Any CPU.Build.0 = Debug|Any CPU
		{9D1735AB-23F9-446E-BA1C-CB39677DF126}.Release|Any CPU.ActiveCfg = Release|Any CPU
		{9D1735AB-23F9-446E-BA1C-CB39677DF126}.Release|Any CPU.Build.0 = Release|Any CPU
		{90D25513-CE43-4727-8865-5778D0830E59}.Debug|Any CPU.ActiveCfg = Debug|Any CPU
		{90D25513-CE43-4727-8865-5778D0830E59}.Debug|Any CPU.Build.0 = Debug|Any CPU
		{90D25513-CE43-4727-8865-5778D0830E59}.Release|Any CPU.ActiveCfg = Release|Any CPU
		{90D25513-CE43-4727-8865-5778D0830E59}.Release|Any CPU.Build.0 = Release|Any CPU
		{37A21348-6A78-4DF1-9ACA-2190E5321C2D}.Debug|Any CPU.ActiveCfg = Debug|Any CPU
		{37A21348-6A78-4DF1-9ACA-2190E5321C2D}.Debug|Any CPU.Build.0 = Debug|Any CPU
		{37A21348-6A78-4DF1-9ACA-2190E5321C2D}.Release|Any CPU.ActiveCfg = Release|Any CPU
		{37A21348-6A78-4DF1-9ACA-2190E5321C2D}.Release|Any CPU.Build.0 = Release|Any CPU
		{513F4633-72A4-43A5-97E1-AE6BBC430A6D}.Debug|Any CPU.ActiveCfg = Debug|Any CPU
		{513F4633-72A4-43A5-97E1-AE6BBC430A6D}.Debug|Any CPU.Build.0 = Debug|Any CPU
		{513F4633-72A4-43A5-97E1-AE6BBC430A6D}.Release|Any CPU.ActiveCfg = Release|Any CPU
		{513F4633-72A4-43A5-97E1-AE6BBC430A6D}.Release|Any CPU.Build.0 = Release|Any CPU
	EndGlobalSection
	GlobalSection(SolutionProperties) = preSolution
		HideSolutionNode = FALSE
	EndGlobalSection
	GlobalSection(ExtensibilityGlobals) = postSolution
		SolutionGuid = {64614BCC-AB0D-45DA-BC6F-A6C14AD1F741}
	EndGlobalSection
EndGlobal
